
Microsoft Visual Studio Solution File, Format Version 12.00
# Visual Studio Version 16
VisualStudioVersion = 16.0.32002.261
MinimumVisualStudioVersion = 10.0.40219.1
Project("{FAE04EC0-301F-11D3-BF4B-00C04F79EFBC}") = "Aile Fertleri1", "Aile Fertleri1\Aile Fertleri1.csproj", "{7BA3D05A-B30E-4DA3-9CDE-8696D1D4F4F3}"
EndProject
Global
	GlobalSection(SolutionConfigurationPlatforms) = preSolution
		Debug|Any CPU = Debug|Any CPU
		Release|Any CPU = Release|Any CPU
	EndGlobalSection
	GlobalSection(ProjectConfigurationPlatforms) = postSolution
		{7BA3D05A-B30E-4DA3-9CDE-8696D1D4F4F3}.Debug|Any CPU.ActiveCfg = Debug|Any CPU
		{7BA3D05A-B30E-4DA3-9CDE-8696D1D4F4F3}.Debug|Any CPU.Build.0 = Debug|Any CPU
		{7BA3D05A-B30E-4DA3-9CDE-8696D1D4F4F3}.Release|Any CPU.ActiveCfg = Release|Any CPU
		{7BA3D05A-B30E-4DA3-9CDE-8696D1D4F4F3}.Release|Any CPU.Build.0 = Release|Any CPU
	EndGlobalSection
	GlobalSection(SolutionProperties) = preSolution
		HideSolutionNode = FALSE
	EndGlobalSection
	GlobalSection(ExtensibilityGlobals) = postSolution
		SolutionGuid = {58EDE0E1-B8D8-4F03-9486-2CE36910659A}
	EndGlobalSection
EndGlobal
